
Microsoft Visual Studio Solution File, Format Version 12.00
# Visual Studio 2013
VisualStudioVersion = 12.0.31101.0
MinimumVisualStudioVersion = 10.0.40219.1
Project("{FAE04EC0-301F-11D3-BF4B-00C04F79EFBC}") = "Watcher.Configuration", "Watcher.Configuration\Watcher.Configuration.csproj", "{01EBCB65-81BB-48B7-AC01-5E1DF53BC4E8}"
EndProject
Project("{FAE04EC0-301F-11D3-BF4B-00C04F79EFBC}") = "Watcher.Console", "Watcher.Console\Watcher.Console.csproj", "{3BEDA0B0-75FC-4AFA-9BBE-14A91EFC30AD}"
EndProject
Project("{FAE04EC0-301F-11D3-BF4B-00C04F79EFBC}") = "Watcher.Service", "Watcher.Service\Watcher.Service.csproj", "{C275D084-A9B5-43ED-958F-9F95A3F7E1DE}"
EndProject
Global
	GlobalSection(SolutionConfigurationPlatforms) = preSolution
		Debug|Any CPU = Debug|Any CPU
		Release|Any CPU = Release|Any CPU
	EndGlobalSection
	GlobalSection(ProjectConfigurationPlatforms) = postSolution
		{01EBCB65-81BB-48B7-AC01-5E1DF53BC4E8}.Debug|Any CPU.ActiveCfg = Debug|Any CPU
		{01EBCB65-81BB-48B7-AC01-5E1DF53BC4E8}.Debug|Any CPU.Build.0 = Debug|Any CPU
		{01EBCB65-81BB-48B7-AC01-5E1DF53BC4E8}.Release|Any CPU.ActiveCfg = Release|Any CPU
		{01EBCB65-81BB-48B7-AC01-5E1DF53BC4E8}.Release|Any CPU.Build.0 = Release|Any CPU
		{3BEDA0B0-75FC-4AFA-9BBE-14A91EFC30AD}.Debug|Any CPU.ActiveCfg = Debug|Any CPU
		{3BEDA0B0-75FC-4AFA-9BBE-14A91EFC30AD}.Debug|Any CPU.Build.0 = Debug|Any CPU
		{3BEDA0B0-75FC-4AFA-9BBE-14A91EFC30AD}.Release|Any CPU.ActiveCfg = Release|Any CPU
		{3BEDA0B0-75FC-4AFA-9BBE-14A91EFC30AD}.Release|Any CPU.Build.0 = Release|Any CPU
		{C275D084-A9B5-43ED-958F-9F95A3F7E1DE}.Debug|Any CPU.ActiveCfg = Debug|Any CPU
		{C275D084-A9B5-43ED-958F-9F95A3F7E1DE}.Debug|Any CPU.Build.0 = Debug|Any CPU
		{C275D084-A9B5-43ED-958F-9F95A3F7E1DE}.Release|Any CPU.ActiveCfg = Release|Any CPU
		{C275D084-A9B5-43ED-958F-9F95A3F7E1DE}.Release|Any CPU.Build.0 = Release|Any CPU
	EndGlobalSection
	GlobalSection(SolutionProperties) = preSolution
		HideSolutionNode = FALSE
	EndGlobalSection
EndGlobal
